
Microsoft Visual Studio Solution File, Format Version 12.00
# Visual Studio 15
Project("{FAE04EC0-301F-11D3-BF4B-00C04F79EFBC}") = "spine-unity-examples", "spine-unity-examples.csproj", "{6FA4B1A1-EA8F-67AF-45BB-2F3E1B87EE41}"
EndProject
Project("{FAE04EC0-301F-11D3-BF4B-00C04F79EFBC}") = "spine-unity", "spine-unity.csproj", "{A53AA779-0664-2299-744D-818227E9EE89}"
EndProject
Project("{FAE04EC0-301F-11D3-BF4B-00C04F79EFBC}") = "spine-unity-editor", "spine-unity-editor.csproj", "{A2F4DC13-F3C0-D6C1-4B8D-ADFC6D22758B}"
EndProject
Project("{FAE04EC0-301F-11D3-BF4B-00C04F79EFBC}") = "spine-csharp", "spine-csharp.csproj", "{C639561D-8FB3-C84C-2363-84795BF88CBD}"
EndProject
Project("{FAE04EC0-301F-11D3-BF4B-00C04F79EFBC}") = "Assembly-CSharp-firstpass", "Assembly-CSharp-firstpass.csproj", "{27221612-F7ED-B5F8-44A9-4BEBC7F724E2}"
EndProject
Project("{FAE04EC0-301F-11D3-BF4B-00C04F79EFBC}") = "Assembly-CSharp", "Assembly-CSharp.csproj", "{BC25A401-69FB-80D2-7697-58BD2565D730}"
EndProject
Project("{FAE04EC0-301F-11D3-BF4B-00C04F79EFBC}") = "spine-unity-examples-editor", "spine-unity-examples-editor.csproj", "{3B70A2EE-BB39-B528-DF3E-A67C92FC45AD}"
EndProject
Global
	GlobalSection(SolutionConfigurationPlatforms) = preSolution
		Debug|Any CPU = Debug|Any CPU
		Release|Any CPU = Release|Any CPU
	EndGlobalSection
	GlobalSection(ProjectConfigurationPlatforms) = postSolution
		{6FA4B1A1-EA8F-67AF-45BB-2F3E1B87EE41}.Debug|Any CPU.ActiveCfg = Debug|Any CPU
		{6FA4B1A1-EA8F-67AF-45BB-2F3E1B87EE41}.Debug|Any CPU.Build.0 = Debug|Any CPU
		{6FA4B1A1-EA8F-67AF-45BB-2F3E1B87EE41}.Release|Any CPU.ActiveCfg = Release|Any CPU
		{6FA4B1A1-EA8F-67AF-45BB-2F3E1B87EE41}.Release|Any CPU.Build.0 = Release|Any CPU
		{A53AA779-0664-2299-744D-818227E9EE89}.Debug|Any CPU.ActiveCfg = Debug|Any CPU
		{A53AA779-0664-2299-744D-818227E9EE89}.Debug|Any CPU.Build.0 = Debug|Any CPU
		{A53AA779-0664-2299-744D-818227E9EE89}.Release|Any CPU.ActiveCfg = Release|Any CPU
		{A53AA779-0664-2299-744D-818227E9EE89}.Release|Any CPU.Build.0 = Release|Any CPU
		{A2F4DC13-F3C0-D6C1-4B8D-ADFC6D22758B}.Debug|Any CPU.ActiveCfg = Debug|Any CPU
		{A2F4DC13-F3C0-D6C1-4B8D-ADFC6D22758B}.Debug|Any CPU.Build.0 = Debug|Any CPU
		{A2F4DC13-F3C0-D6C1-4B8D-ADFC6D22758B}.Release|Any CPU.ActiveCfg = Release|Any CPU
		{A2F4DC13-F3C0-D6C1-4B8D-ADFC6D22758B}.Release|Any CPU.Build.0 = Release|Any CPU
		{C639561D-8FB3-C84C-2363-84795BF88CBD}.Debug|Any CPU.ActiveCfg = Debug|Any CPU
		{C639561D-8FB3-C84C-2363-84795BF88CBD}.Debug|Any CPU.Build.0 = Debug|Any CPU
		{C639561D-8FB3-C84C-2363-84795BF88CBD}.Release|Any CPU.ActiveCfg = Release|Any CPU
		{C639561D-8FB3-C84C-2363-84795BF88CBD}.Release|Any CPU.Build.0 = Release|Any CPU
		{27221612-F7ED-B5F8-44A9-4BEBC7F724E2}.Debug|Any CPU.ActiveCfg = Debug|Any CPU
		{27221612-F7ED-B5F8-44A9-4BEBC7F724E2}.Debug|Any CPU.Build.0 = Debug|Any CPU
		{27221612-F7ED-B5F8-44A9-4BEBC7F724E2}.Release|Any CPU.ActiveCfg = Release|Any CPU
		{27221612-F7ED-B5F8-44A9-4BEBC7F724E2}.Release|Any CPU.Build.0 = Release|Any CPU
		{BC25A401-69FB-80D2-7697-58BD2565D730}.Debug|Any CPU.ActiveCfg = Debug|Any CPU
		{BC25A401-69FB-80D2-7697-58BD2565D730}.Debug|Any CPU.Build.0 = Debug|Any CPU
		{BC25A401-69FB-80D2-7697-58BD2565D730}.Release|Any CPU.ActiveCfg = Release|Any CPU
		{BC25A401-69FB-80D2-7697-58BD2565D730}.Release|Any CPU.Build.0 = Release|Any CPU
		{3B70A2EE-BB39-B528-DF3E-A67C92FC45AD}.Debug|Any CPU.ActiveCfg = Debug|Any CPU
		{3B70A2EE-BB39-B528-DF3E-A67C92FC45AD}.Debug|Any CPU.Build.0 = Debug|Any CPU
		{3B70A2EE-BB39-B528-DF3E-A67C92FC45AD}.Release|Any CPU.ActiveCfg = Release|Any CPU
		{3B70A2EE-BB39-B528-DF3E-A67C92FC45AD}.Release|Any CPU.Build.0 = Release|Any CPU
	EndGlobalSection
	GlobalSection(SolutionProperties) = preSolution
		HideSolutionNode = FALSE
	EndGlobalSection
EndGlobal
